
Microsoft Visual Studio Solution File, Format Version 12.00
# Visual Studio Version 16
VisualStudioVersion = 16.0.31613.86
MinimumVisualStudioVersion = 10.0.40219.1
Project("{9A19103F-16F7-4668-BE54-9A1E7A4F7556}") = "ProgramPraca", "YourFileManager\ProgramPraca.csproj", "{57D616E4-D9AF-40C9-A3E1-FDB7EEE1F37B}"
EndProject
Global
	GlobalSection(SolutionConfigurationPlatforms) = preSolution
		Debug|Any CPU = Debug|Any CPU
		Release|Any CPU = Release|Any CPU
	EndGlobalSection
	GlobalSection(ProjectConfigurationPlatforms) = postSolution
		{57D616E4-D9AF-40C9-A3E1-FDB7EEE1F37B}.Debug|Any CPU.ActiveCfg = Debug|Any CPU
		{57D616E4-D9AF-40C9-A3E1-FDB7EEE1F37B}.Debug|Any CPU.Build.0 = Debug|Any CPU
		{57D616E4-D9AF-40C9-A3E1-FDB7EEE1F37B}.Release|Any CPU.ActiveCfg = Release|Any CPU
		{57D616E4-D9AF-40C9-A3E1-FDB7EEE1F37B}.Release|Any CPU.Build.0 = Release|Any CPU
	EndGlobalSection
	GlobalSection(SolutionProperties) = preSolution
		HideSolutionNode = FALSE
	EndGlobalSection
	GlobalSection(ExtensibilityGlobals) = postSolution
		SolutionGuid = {8D39B2EA-0E2F-40B5-831C-9C7DBBDBB532}
	EndGlobalSection
EndGlobal
